{
    "_readme": [
        "This file locks the dependencies of your project to a known state",
        "Read more about it at https://getcomposer.org/doc/01-basic-usage.md#composer-lock-the-lock-file",
        "This file is @generated automatically"
    ],
    "content-hash": "036f98cd58386c0c4a6d11aa44424531",
    "packages": [
        {
            "name": "namshi/jose",
            "version": "7.2.3",
            "source": {
                "type": "git",
                "url": "https://github.com/namshi/jose.git",
                "reference": "89a24d7eb3040e285dd5925fcad992378b82bcff"
            },
            "dist": {
                "type": "zip",
                "url": "https://api.github.com/repos/namshi/jose/zipball/89a24d7eb3040e285dd5925fcad992378b82bcff",
                "reference": "89a24d7eb3040e285dd5925fcad992378b82bcff",
                "shasum": ""
            },
            "require": {
                "ext-date": "*",
                "ext-hash": "*",
                "ext-json": "*",
                "ext-pcre": "*",
                "ext-spl": "*",
                "php": ">=5.5",
                "symfony/polyfill-php56": "^1.0"
            },
            "require-dev": {
                "phpseclib/phpseclib": "^2.0",
                "phpunit/phpunit": "^4.5|^5.0",
                "satooshi/php-coveralls": "^1.0"
            },
            "suggest": {
                "ext-openssl": "Allows to use OpenSSL as crypto engine.",
                "phpseclib/phpseclib": "Allows to use Phpseclib as crypto engine, use version ^2.0."
            },
            "type": "library",
            "autoload": {
                "psr-4": {
                    "Namshi\\JOSE\\": "src/Namshi/JOSE/"
                }
            },
            "notification-url": "https://packagist.org/downloads/",
            "license": [
                "MIT"
            ],
            "authors": [
                {
                    "name": "Alessandro Nadalin",
                    "email": "alessandro.nadalin@gmail.com"
                },
                {
                    "name": "Alessandro Cinelli (cirpo)",
                    "email": "alessandro.cinelli@gmail.com"
                }
            ],
            "description": "JSON Object Signing and Encryption library for PHP.",
            "keywords": [
                "JSON Web Signature",
                "JSON Web Token",
                "JWS",
                "json",
                "jwt",
                "token"
            ],
            "time": "2016-12-05T07:27:31+00:00"
        },
        {
            "name": "phpseclib/phpseclib",
            "version": "2.0.6",
            "source": {
                "type": "git",
                "url": "https://github.com/phpseclib/phpseclib.git",
                "reference": "34a7699e6f31b1ef4035ee36444407cecf9f56aa"
            },
            "dist": {
                "type": "zip",
                "url": "https://api.github.com/repos/phpseclib/phpseclib/zipball/34a7699e6f31b1ef4035ee36444407cecf9f56aa",
                "reference": "34a7699e6f31b1ef4035ee36444407cecf9f56aa",
                "shasum": ""
            },
            "require": {
                "php": ">=5.3.3"
            },
            "require-dev": {
                "phing/phing": "~2.7",
                "phpunit/phpunit": "~4.0",
                "sami/sami": "~2.0",
                "squizlabs/php_codesniffer": "~2.0"
            },
            "suggest": {
                "ext-gmp": "Install the GMP (GNU Multiple Precision) extension in order to speed up arbitrary precision integer arithmetic operations.",
                "ext-libsodium": "SSH2/SFTP can make use of some algorithms provided by the libsodium-php extension.",
                "ext-mcrypt": "Install the Mcrypt extension in order to speed up a few other cryptographic operations.",
                "ext-openssl": "Install the OpenSSL extension in order to speed up a wide variety of cryptographic operations."
            },
            "type": "library",
            "autoload": {
                "files": [
                    "phpseclib/bootstrap.php"
                ],
                "psr-4": {
                    "phpseclib\\": "phpseclib/"
                }
            },
            "notification-url": "https://packagist.org/downloads/",
            "license": [
                "MIT"
            ],
            "authors": [
                {
                    "name": "Jim Wigginton",
                    "email": "terrafrost@php.net",
                    "role": "Lead Developer"
                },
                {
                    "name": "Patrick Monnerat",
                    "email": "pm@datasphere.ch",
                    "role": "Developer"
                },
                {
                    "name": "Andreas Fischer",
                    "email": "bantu@phpbb.com",
                    "role": "Developer"
                },
                {
                    "name": "Hans-Jürgen Petrich",
                    "email": "petrich@tronic-media.com",
                    "role": "Developer"
                },
                {
                    "name": "Graham Campbell",
                    "email": "graham@alt-three.com",
                    "role": "Developer"
                }
            ],
            "description": "PHP Secure Communications Library - Pure-PHP implementations of RSA, AES, SSH2, SFTP, X.509 etc.",
            "homepage": "http://phpseclib.sourceforge.net",
            "keywords": [
                "BigInteger",
                "aes",
                "asn.1",
                "asn1",
                "blowfish",
                "crypto",
                "cryptography",
                "encryption",
                "rsa",
                "security",
                "sftp",
                "signature",
                "signing",
                "ssh",
                "twofish",
                "x.509",
                "x509"
            ],
            "time": "2017-06-05T06:31:10+00:00"
        },
        {
            "name": "symfony/polyfill-php56",
            "version": "v1.4.0",
            "source": {
                "type": "git",
                "url": "https://github.com/symfony/polyfill-php56.git",
                "reference": "bc0b7d6cb36b10cfabb170a3e359944a95174929"
            },
            "dist": {
                "type": "zip",
                "url": "https://api.github.com/repos/symfony/polyfill-php56/zipball/bc0b7d6cb36b10cfabb170a3e359944a95174929",
                "reference": "bc0b7d6cb36b10cfabb170a3e359944a95174929",
                "shasum": ""
            },
            "require": {
                "php": ">=5.3.3",
                "symfony/polyfill-util": "~1.0"
            },
            "type": "library",
            "extra": {
                "branch-alias": {
                    "dev-master": "1.4-dev"
                }
            },
            "autoload": {
                "psr-4": {
                    "Symfony\\Polyfill\\Php56\\": ""
                },
                "files": [
                    "bootstrap.php"
                ]
            },
            "notification-url": "https://packagist.org/downloads/",
            "license": [
                "MIT"
            ],
            "authors": [
                {
                    "name": "Nicolas Grekas",
                    "email": "p@tchwork.com"
                },
                {
                    "name": "Symfony Community",
                    "homepage": "https://symfony.com/contributors"
                }
            ],
            "description": "Symfony polyfill backporting some PHP 5.6+ features to lower PHP versions",
            "homepage": "https://symfony.com",
            "keywords": [
                "compatibility",
                "polyfill",
                "portable",
                "shim"
            ],
            "time": "2017-06-09T08:25:21+00:00"
        },
        {
            "name": "symfony/polyfill-util",
            "version": "v1.4.0",
            "source": {
                "type": "git",
                "url": "https://github.com/symfony/polyfill-util.git",
                "reference": "ebccbde4aad410f6438d86d7d261c6b4d2b9a51d"
            },
            "dist": {
                "type": "zip",
                "url": "https://api.github.com/repos/symfony/polyfill-util/zipball/ebccbde4aad410f6438d86d7d261c6b4d2b9a51d",
                "reference": "ebccbde4aad410f6438d86d7d261c6b4d2b9a51d",
                "shasum": ""
            },
            "require": {
                "php": ">=5.3.3"
            },
            "type": "library",
            "extra": {
                "branch-alias": {
                    "dev-master": "1.4-dev"
                }
            },
            "autoload": {
                "psr-4": {
                    "Symfony\\Polyfill\\Util\\": ""
                }
            },
            "notification-url": "https://packagist.org/downloads/",
            "license": [
                "MIT"
            ],
            "authors": [
                {
                    "name": "Nicolas Grekas",
                    "email": "p@tchwork.com"
                },
                {
                    "name": "Symfony Community",
                    "homepage": "https://symfony.com/contributors"
                }
            ],
            "description": "Symfony utilities for portability of PHP codes",
            "homepage": "https://symfony.com",
            "keywords": [
                "compat",
                "compatibility",
                "polyfill",
                "shim"
            ],
            "time": "2017-06-09T08:25:21+00:00"
        }
    ],
    "packages-dev": [],
    "aliases": [],
    "minimum-stability": "stable",
    "stability-flags": [],
    "prefer-stable": false,
    "prefer-lowest": false,
    "platform": [],
    "platform-dev": []
}
